{
    "_readme": [
        "This file locks the dependencies of your project to a known state",
        "Read more about it at https://getcomposer.org/doc/01-basic-usage.md#installing-dependencies",
        "This file is @generated automatically"
    ],
    "content-hash": "b471a09978a10922923a9e3212c7f38c",
    "packages": [
        {
            "name": "beycanpress/currency-converter",
            "version": "0.1.2",
            "source": {
                "type": "git",
                "url": "https://github.com/BeycanPress/currency-converter-php.git",
                "reference": "887dc3c19ebcf2669568a1f955cb007affbf2663"
            },
            "dist": {
                "type": "zip",
                "url": "https://api.github.com/repos/BeycanPress/currency-converter-php/zipball/887dc3c19ebcf2669568a1f955cb007affbf2663",
                "reference": "887dc3c19ebcf2669568a1f955cb007affbf2663",
                "shasum": ""
            },
            "require": {
                "php": ">=7.4"
            },
            "type": "library",
            "autoload": {
                "psr-4": {
                    "BeycanPress\\": "src"
                }
            },
            "notification-url": "https://packagist.org/downloads/",
            "license": [
                "MIT"
            ],
            "description": "It takes on the task of converting between fiat and cryptocurrencies.",
            "homepage": "https://github.com/BeycanPress/currency-converter-php",
            "support": {
                "issues": "https://github.com/BeycanPress/currency-converter-php/issues",
                "source": "https://github.com/BeycanPress/currency-converter-php/tree/0.1.2"
            },
            "time": "2023-10-02T06:01:32+00:00"
        }
    ],
    "packages-dev": [],
    "aliases": [],
    "minimum-stability": "stable",
    "stability-flags": [],
    "prefer-stable": false,
    "prefer-lowest": false,
    "platform": [],
    "platform-dev": [],
    "plugin-api-version": "2.3.0"
}
